// !$*UTF8*$!
{
	archiveVersion = 1;
	classes = {
	};
	objectVersion = 50;
	objects = {

/* Begin PBXBuildFile section */
		721AD2CE271653D50010BE30 /* NewProductService.swift in Sources */ = {isa = PBXBuildFile; fileRef = 721AD2CD271653D50010BE30 /* NewProductService.swift */; };
		721AD2D3271657330010BE30 /* ViewControllerBDA-11.swift in Sources */ = {isa = PBXBuildFile; fileRef = 721AD2D2271657330010BE30 /* ViewControllerBDA-11.swift */; };
		72997B3326EADC6100099692 /* AppDelegate.swift in Sources */ = {isa = PBXBuildFile; fileRef = 72997B3226EADC6100099692 /* AppDelegate.swift */; };
		72997B3526EADC6100099692 /* SceneDelegate.swift in Sources */ = {isa = PBXBuildFile; fileRef = 72997B3426EADC6100099692 /* SceneDelegate.swift */; };
		72997B3726EADC6100099692 /* ViewController.swift in Sources */ = {isa = PBXBuildFile; fileRef = 72997B3626EADC6100099692 /* ViewController.swift */; };
		72997B3A26EADC6100099692 /* Main.storyboard in Resources */ = {isa = PBXBuildFile; fileRef = 72997B3826EADC6100099692 /* Main.storyboard */; };
		72997B3C26EADC6200099692 /* Assets.xcassets in Resources */ = {isa = PBXBuildFile; fileRef = 72997B3B26EADC6200099692 /* Assets.xcassets */; };
		72997B3F26EADC6200099692 /* LaunchScreen.storyboard in Resources */ = {isa = PBXBuildFile; fileRef = 72997B3D26EADC6200099692 /* LaunchScreen.storyboard */; };
		72997B4A26EADC6200099692 /* CaridappTests.swift in Sources */ = {isa = PBXBuildFile; fileRef = 72997B4926EADC6200099692 /* CaridappTests.swift */; };
		72997B5526EADC6200099692 /* CaridappUITests.swift in Sources */ = {isa = PBXBuildFile; fileRef = 72997B5426EADC6200099692 /* CaridappUITests.swift */; };
		72BC2EAE271F976700855236 /* LineP.swift in Sources */ = {isa = PBXBuildFile; fileRef = 72BC2EAD271F976700855236 /* LineP.swift */; };
		72BC2EB3271F979A00855236 /* LineTableViewController.swift in Sources */ = {isa = PBXBuildFile; fileRef = 72BC2EB2271F979A00855236 /* LineTableViewController.swift */; };
		72BC2EB8271F97E000855236 /* LineUpdate.swift in Sources */ = {isa = PBXBuildFile; fileRef = 72BC2EB7271F97E000855236 /* LineUpdate.swift */; };
		72BC2EBD271F981C00855236 /* LineViewController.swift in Sources */ = {isa = PBXBuildFile; fileRef = 72BC2EBC271F981C00855236 /* LineViewController.swift */; };
		72BC2EC2271F988A00855236 /* UpdateProductService.swift in Sources */ = {isa = PBXBuildFile; fileRef = 72BC2EC1271F988A00855236 /* UpdateProductService.swift */; };
		72D386EB272214DC00C56EAE /* BDA-11_Tests.swift in Sources */ = {isa = PBXBuildFile; fileRef = 72D386EA272214DC00C56EAE /* BDA-11_Tests.swift */; };
		72D386F0272254E900C56EAE /* BDA-11_Test.swift in Sources */ = {isa = PBXBuildFile; fileRef = 72D386EF272254E900C56EAE /* BDA-11_Test.swift */; };
		8A18D29727121ADD00D5720E /* DonationService.swift in Sources */ = {isa = PBXBuildFile; fileRef = 8A18D29627121ADD00D5720E /* DonationService.swift */; };
		8A18D29C27122D8400D5720E /* CaridappServiceTestCase.swift in Sources */ = {isa = PBXBuildFile; fileRef = 8A18D29B27122D8400D5720E /* CaridappServiceTestCase.swift */; };
		8A22992D27127266001CE110 /* Product.swift in Sources */ = {isa = PBXBuildFile; fileRef = 8A22992C27127266001CE110 /* Product.swift */; };
		8A4A3F5A271813BF00744FE2 /* RegisterLineViewController.swift in Sources */ = {isa = PBXBuildFile; fileRef = 8A4A3F59271813BF00744FE2 /* RegisterLineViewController.swift */; };
		8A4C0B9E2723A579009CC3D6 /* DriverTableViewCell.swift in Sources */ = {isa = PBXBuildFile; fileRef = 8A4C0B9D2723A579009CC3D6 /* DriverTableViewCell.swift */; };
		8A7364B2272383BA004D78DD /* DonationDriver.swift in Sources */ = {isa = PBXBuildFile; fileRef = 8A7364B1272383BA004D78DD /* DonationDriver.swift */; };
		8A9C956E27051A30004DE62A /* Donation.swift in Sources */ = {isa = PBXBuildFile; fileRef = 8A9C956C27051A30004DE62A /* Donation.swift */; };
		8A9C956F27051A30004DE62A /* Donation.swift in Sources */ = {isa = PBXBuildFile; fileRef = 8A9C956C27051A30004DE62A /* Donation.swift */; };
		8A9C957027051A30004DE62A /* Line.swift in Sources */ = {isa = PBXBuildFile; fileRef = 8A9C956D27051A30004DE62A /* Line.swift */; };
		8A9C957127051A30004DE62A /* Line.swift in Sources */ = {isa = PBXBuildFile; fileRef = 8A9C956D27051A30004DE62A /* Line.swift */; };
		8ABD6E5027237B4D00F1A565 /* DriverService.swift in Sources */ = {isa = PBXBuildFile; fileRef = 8ABD6E4F27237B4D00F1A565 /* DriverService.swift */; };
		8ABD6E552723817000F1A565 /* DriverServiceTestCase.swift in Sources */ = {isa = PBXBuildFile; fileRef = 8ABD6E542723817000F1A565 /* DriverServiceTestCase.swift */; };
		8AE13BD42714CA0F003805DB /* SelectProductViewController.swift in Sources */ = {isa = PBXBuildFile; fileRef = 8AE13BD32714CA0F003805DB /* SelectProductViewController.swift */; };
		8AE13BDF2714D8F7003805DB /* Product.swift in Sources */ = {isa = PBXBuildFile; fileRef = 8A22992C27127266001CE110 /* Product.swift */; };
		8AE13BE32714D8FE003805DB /* DonationService.swift in Sources */ = {isa = PBXBuildFile; fileRef = 8A18D29627121ADD00D5720E /* DonationService.swift */; };
		8AE61FB727239BDD0067BEE6 /* DriverImportationsViewController.swift in Sources */ = {isa = PBXBuildFile; fileRef = 8AE61FB627239BDD0067BEE6 /* DriverImportationsViewController.swift */; };
		8AFA66AB27129B9300905EE9 /* ProductTableViewCell.swift in Sources */ = {isa = PBXBuildFile; fileRef = 8AFA66AA27129B9300905EE9 /* ProductTableViewCell.swift */; };
		8AFA66DF2712AE3F00905EE9 /* sideMenuBtn.target = revealViewController()         sideMenuBtn.action = #selector(revealViewController()?.revealSideMenu).swift in Sources */ = {isa = PBXBuildFile; fileRef = 8AFA66DE2712AE3F00905EE9 /* sideMenuBtn.target = revealViewController()         sideMenuBtn.action = #selector(revealViewController()?.revealSideMenu).swift */; };
		8AFD0BA72718EF860025B2CB /* LineTableViewCell.swift in Sources */ = {isa = PBXBuildFile; fileRef = 8AFD0BA62718EF860025B2CB /* LineTableViewCell.swift */; };
		8AFD0BAC2718F39F0025B2CB /* CheckImportationViewController.swift in Sources */ = {isa = PBXBuildFile; fileRef = 8AFD0BAB2718F39F0025B2CB /* CheckImportationViewController.swift */; };
		C0009EB2271A1402000BD5A8 /* SideMenuCell.swift in Sources */ = {isa = PBXBuildFile; fileRef = C0009EB0271A1402000BD5A8 /* SideMenuCell.swift */; };
		C0009EB3271A1402000BD5A8 /* SideMenuCell.xib in Resources */ = {isa = PBXBuildFile; fileRef = C0009EB1271A1402000BD5A8 /* SideMenuCell.xib */; };
		C0147767272274DE0091C58B /* DonationVerification.swift in Sources */ = {isa = PBXBuildFile; fileRef = C0147766272274DE0091C58B /* DonationVerification.swift */; };
		C01477722722936B0091C58B /* VerifyDonationService.swift in Sources */ = {isa = PBXBuildFile; fileRef = C01477712722936B0091C58B /* VerifyDonationService.swift */; };
		C031CF3F271946EE00A0BB5D /* SideMenuViewController.swift in Sources */ = {isa = PBXBuildFile; fileRef = C031CF3E271946EE00A0BB5D /* SideMenuViewController.swift */; };
		C031CF4D27194B2A00A0BB5D /* SideMenuModel.swift in Sources */ = {isa = PBXBuildFile; fileRef = C031CF4C27194B2A00A0BB5D /* SideMenuModel.swift */; };
		C031CF57271950B200A0BB5D /* MainViewController.swift in Sources */ = {isa = PBXBuildFile; fileRef = C031CF56271950B200A0BB5D /* MainViewController.swift */; };
		C033B262271FD86C00510D36 /* LineVerification.swift in Sources */ = {isa = PBXBuildFile; fileRef = C033B261271FD86C00510D36 /* LineVerification.swift */; };
		C033B267271FD9F300510D36 /* DonationPV.swift in Sources */ = {isa = PBXBuildFile; fileRef = C033B266271FD9F300510D36 /* DonationPV.swift */; };
		C04BAD3F27209BBE00E1914A /* VerifyProductService.swift in Sources */ = {isa = PBXBuildFile; fileRef = C04BAD3E27209BBE00E1914A /* VerifyProductService.swift */; };
		C056517527238FC800B5FD8A /* MenuImportationViewController.swift in Sources */ = {isa = PBXBuildFile; fileRef = C056517427238FC800B5FD8A /* MenuImportationViewController.swift */; };
		C0851FBC271E94B000CFCADF /* SideMenuB.jpeg in Resources */ = {isa = PBXBuildFile; fileRef = C0851FBB271E94B000CFCADF /* SideMenuB.jpeg */; };
		C0B23DD72703CA34003CE6DE /* VewControllerBDA14_2.swift in Sources */ = {isa = PBXBuildFile; fileRef = C0B23DD62703CA34003CE6DE /* VewControllerBDA14_2.swift */; };
		C0B23DDC2703CB78003CE6DE /* VewControllerReceiver.swift in Sources */ = {isa = PBXBuildFile; fileRef = C0B23DDB2703CB78003CE6DE /* VewControllerReceiver.swift */; };
		C0B23DE52703CC96003CE6DE /* ViewControllerBDA15.swift in Sources */ = {isa = PBXBuildFile; fileRef = C0B23DE42703CC96003CE6DE /* ViewControllerBDA15.swift */; };
		C0FB283E271919A4001E34E9 /* LinePV.swift in Sources */ = {isa = PBXBuildFile; fileRef = C0FB283D271919A3001E34E9 /* LinePV.swift */; };
		C0FF88B726F80F2D006BA0F9 /* ViewControllerBDA14.swift in Sources */ = {isa = PBXBuildFile; fileRef = C0FF88B626F80F2D006BA0F9 /* ViewControllerBDA14.swift */; };
/* End PBXBuildFile section */

/* Begin PBXContainerItemProxy section */
		72997B4626EADC6200099692 /* PBXContainerItemProxy */ = {
			isa = PBXContainerItemProxy;
			containerPortal = 72997B2726EADC6100099692 /* Project object */;
			proxyType = 1;
			remoteGlobalIDString = 72997B2E26EADC6100099692;
			remoteInfo = Caridapp;
		};
		72997B5126EADC6200099692 /* PBXContainerItemProxy */ = {
			isa = PBXContainerItemProxy;
			containerPortal = 72997B2726EADC6100099692 /* Project object */;
			proxyType = 1;
			remoteGlobalIDString = 72997B2E26EADC6100099692;
			remoteInfo = Caridapp;
		};
/* End PBXContainerItemProxy section */

/* Begin PBXFileReference section */
		721AD2CD271653D50010BE30 /* NewProductService.swift */ = {isa = PBXFileReference; lastKnownFileType = sourcecode.swift; path = NewProductService.swift; sourceTree = "<group>"; };
		721AD2D2271657330010BE30 /* ViewControllerBDA-11.swift */ = {isa = PBXFileReference; lastKnownFileType = sourcecode.swift; path = "ViewControllerBDA-11.swift"; sourceTree = "<group>"; };
		72997B2F26EADC6100099692 /* Caridapp.app */ = {isa = PBXFileReference; explicitFileType = wrapper.application; includeInIndex = 0; path = Caridapp.app; sourceTree = BUILT_PRODUCTS_DIR; };
		72997B3226EADC6100099692 /* AppDelegate.swift */ = {isa = PBXFileReference; lastKnownFileType = sourcecode.swift; path = AppDelegate.swift; sourceTree = "<group>"; };
		72997B3426EADC6100099692 /* SceneDelegate.swift */ = {isa = PBXFileReference; lastKnownFileType = sourcecode.swift; path = SceneDelegate.swift; sourceTree = "<group>"; };
		72997B3626EADC6100099692 /* ViewController.swift */ = {isa = PBXFileReference; lastKnownFileType = sourcecode.swift; path = ViewController.swift; sourceTree = "<group>"; };
		72997B3926EADC6100099692 /* Base */ = {isa = PBXFileReference; lastKnownFileType = file.storyboard; name = Base; path = Base.lproj/Main.storyboard; sourceTree = "<group>"; };
		72997B3B26EADC6200099692 /* Assets.xcassets */ = {isa = PBXFileReference; lastKnownFileType = folder.assetcatalog; path = Assets.xcassets; sourceTree = "<group>"; };
		72997B3E26EADC6200099692 /* Base */ = {isa = PBXFileReference; lastKnownFileType = file.storyboard; name = Base; path = Base.lproj/LaunchScreen.storyboard; sourceTree = "<group>"; };
		72997B4026EADC6200099692 /* Info.plist */ = {isa = PBXFileReference; lastKnownFileType = text.plist.xml; path = Info.plist; sourceTree = "<group>"; };
		72997B4526EADC6200099692 /* CaridappTests.xctest */ = {isa = PBXFileReference; explicitFileType = wrapper.cfbundle; includeInIndex = 0; path = CaridappTests.xctest; sourceTree = BUILT_PRODUCTS_DIR; };
		72997B4926EADC6200099692 /* CaridappTests.swift */ = {isa = PBXFileReference; lastKnownFileType = sourcecode.swift; path = CaridappTests.swift; sourceTree = "<group>"; };
		72997B4B26EADC6200099692 /* Info.plist */ = {isa = PBXFileReference; lastKnownFileType = text.plist.xml; path = Info.plist; sourceTree = "<group>"; };
		72997B5026EADC6200099692 /* CaridappUITests.xctest */ = {isa = PBXFileReference; explicitFileType = wrapper.cfbundle; includeInIndex = 0; path = CaridappUITests.xctest; sourceTree = BUILT_PRODUCTS_DIR; };
		72997B5426EADC6200099692 /* CaridappUITests.swift */ = {isa = PBXFileReference; lastKnownFileType = sourcecode.swift; path = CaridappUITests.swift; sourceTree = "<group>"; };
		72997B5626EADC6200099692 /* Info.plist */ = {isa = PBXFileReference; lastKnownFileType = text.plist.xml; path = Info.plist; sourceTree = "<group>"; };
		72BC2EAD271F976700855236 /* LineP.swift */ = {isa = PBXFileReference; lastKnownFileType = sourcecode.swift; path = LineP.swift; sourceTree = "<group>"; };
		72BC2EB2271F979A00855236 /* LineTableViewController.swift */ = {isa = PBXFileReference; lastKnownFileType = sourcecode.swift; path = LineTableViewController.swift; sourceTree = "<group>"; };
		72BC2EB7271F97E000855236 /* LineUpdate.swift */ = {isa = PBXFileReference; lastKnownFileType = sourcecode.swift; path = LineUpdate.swift; sourceTree = "<group>"; };
		72BC2EBC271F981C00855236 /* LineViewController.swift */ = {isa = PBXFileReference; lastKnownFileType = sourcecode.swift; path = LineViewController.swift; sourceTree = "<group>"; };
		72BC2EC1271F988A00855236 /* UpdateProductService.swift */ = {isa = PBXFileReference; lastKnownFileType = sourcecode.swift; path = UpdateProductService.swift; sourceTree = "<group>"; };
		72D386EA272214DC00C56EAE /* BDA-11_Tests.swift */ = {isa = PBXFileReference; lastKnownFileType = sourcecode.swift; path = "BDA-11_Tests.swift"; sourceTree = "<group>"; };
		72D386EF272254E900C56EAE /* BDA-11_Test.swift */ = {isa = PBXFileReference; lastKnownFileType = sourcecode.swift; path = "BDA-11_Test.swift"; sourceTree = "<group>"; };
		8A18D29627121ADD00D5720E /* DonationService.swift */ = {isa = PBXFileReference; lastKnownFileType = sourcecode.swift; path = DonationService.swift; sourceTree = "<group>"; };
		8A18D29B27122D8400D5720E /* CaridappServiceTestCase.swift */ = {isa = PBXFileReference; lastKnownFileType = sourcecode.swift; path = CaridappServiceTestCase.swift; sourceTree = "<group>"; };
		8A22992C27127266001CE110 /* Product.swift */ = {isa = PBXFileReference; lastKnownFileType = sourcecode.swift; path = Product.swift; sourceTree = "<group>"; };
		8A4A3F59271813BF00744FE2 /* RegisterLineViewController.swift */ = {isa = PBXFileReference; lastKnownFileType = sourcecode.swift; path = RegisterLineViewController.swift; sourceTree = "<group>"; };
		8A4C0B9D2723A579009CC3D6 /* DriverTableViewCell.swift */ = {isa = PBXFileReference; lastKnownFileType = sourcecode.swift; path = DriverTableViewCell.swift; sourceTree = "<group>"; };
		8A7364B1272383BA004D78DD /* DonationDriver.swift */ = {isa = PBXFileReference; lastKnownFileType = sourcecode.swift; path = DonationDriver.swift; sourceTree = "<group>"; };
		8A9C956C27051A30004DE62A /* Donation.swift */ = {isa = PBXFileReference; fileEncoding = 4; lastKnownFileType = sourcecode.swift; path = Donation.swift; sourceTree = "<group>"; };
		8A9C956D27051A30004DE62A /* Line.swift */ = {isa = PBXFileReference; fileEncoding = 4; lastKnownFileType = sourcecode.swift; path = Line.swift; sourceTree = "<group>"; };
		8ABD6E4F27237B4D00F1A565 /* DriverService.swift */ = {isa = PBXFileReference; lastKnownFileType = sourcecode.swift; path = DriverService.swift; sourceTree = "<group>"; };
		8ABD6E542723817000F1A565 /* DriverServiceTestCase.swift */ = {isa = PBXFileReference; lastKnownFileType = sourcecode.swift; path = DriverServiceTestCase.swift; sourceTree = "<group>"; };
		8AE13BD32714CA0F003805DB /* SelectProductViewController.swift */ = {isa = PBXFileReference; lastKnownFileType = sourcecode.swift; path = SelectProductViewController.swift; sourceTree = "<group>"; };
		8AE61FB627239BDD0067BEE6 /* DriverImportationsViewController.swift */ = {isa = PBXFileReference; lastKnownFileType = sourcecode.swift; path = DriverImportationsViewController.swift; sourceTree = "<group>"; };
		8AFA66AA27129B9300905EE9 /* ProductTableViewCell.swift */ = {isa = PBXFileReference; lastKnownFileType = sourcecode.swift; path = ProductTableViewCell.swift; sourceTree = "<group>"; };
		8AFA66DE2712AE3F00905EE9 /* sideMenuBtn.target = revealViewController()         sideMenuBtn.action = #selector(revealViewController()?.revealSideMenu).swift */ = {isa = PBXFileReference; lastKnownFileType = sourcecode.swift; path = "sideMenuBtn.target = revealViewController()         sideMenuBtn.action = #selector(revealViewController()?.revealSideMenu).swift"; sourceTree = "<group>"; };
		8AFD0BA62718EF860025B2CB /* LineTableViewCell.swift */ = {isa = PBXFileReference; lastKnownFileType = sourcecode.swift; path = LineTableViewCell.swift; sourceTree = "<group>"; };
		8AFD0BAB2718F39F0025B2CB /* CheckImportationViewController.swift */ = {isa = PBXFileReference; lastKnownFileType = sourcecode.swift; path = CheckImportationViewController.swift; sourceTree = "<group>"; };
		C0009EB0271A1402000BD5A8 /* SideMenuCell.swift */ = {isa = PBXFileReference; lastKnownFileType = sourcecode.swift; path = SideMenuCell.swift; sourceTree = "<group>"; };
		C0009EB1271A1402000BD5A8 /* SideMenuCell.xib */ = {isa = PBXFileReference; lastKnownFileType = file.xib; path = SideMenuCell.xib; sourceTree = "<group>"; };
		C0147766272274DE0091C58B /* DonationVerification.swift */ = {isa = PBXFileReference; lastKnownFileType = sourcecode.swift; path = DonationVerification.swift; sourceTree = "<group>"; };
		C01477712722936B0091C58B /* VerifyDonationService.swift */ = {isa = PBXFileReference; lastKnownFileType = sourcecode.swift; path = VerifyDonationService.swift; sourceTree = "<group>"; };
		C031CF3E271946EE00A0BB5D /* SideMenuViewController.swift */ = {isa = PBXFileReference; lastKnownFileType = sourcecode.swift; path = SideMenuViewController.swift; sourceTree = "<group>"; };
		C031CF4C27194B2A00A0BB5D /* SideMenuModel.swift */ = {isa = PBXFileReference; lastKnownFileType = sourcecode.swift; path = SideMenuModel.swift; sourceTree = "<group>"; };
		C031CF56271950B200A0BB5D /* MainViewController.swift */ = {isa = PBXFileReference; lastKnownFileType = sourcecode.swift; path = MainViewController.swift; sourceTree = "<group>"; };
		C033B261271FD86C00510D36 /* LineVerification.swift */ = {isa = PBXFileReference; lastKnownFileType = sourcecode.swift; path = LineVerification.swift; sourceTree = "<group>"; };
		C033B266271FD9F300510D36 /* DonationPV.swift */ = {isa = PBXFileReference; lastKnownFileType = sourcecode.swift; path = DonationPV.swift; sourceTree = "<group>"; };
		C04BAD3E27209BBE00E1914A /* VerifyProductService.swift */ = {isa = PBXFileReference; lastKnownFileType = sourcecode.swift; path = VerifyProductService.swift; sourceTree = "<group>"; };
		C056517427238FC800B5FD8A /* MenuImportationViewController.swift */ = {isa = PBXFileReference; lastKnownFileType = sourcecode.swift; path = MenuImportationViewController.swift; sourceTree = "<group>"; };
		C0851FBB271E94B000CFCADF /* SideMenuB.jpeg */ = {isa = PBXFileReference; lastKnownFileType = image.jpeg; path = SideMenuB.jpeg; sourceTree = "<group>"; };
		C0B23DD62703CA34003CE6DE /* VewControllerBDA14_2.swift */ = {isa = PBXFileReference; lastKnownFileType = sourcecode.swift; path = VewControllerBDA14_2.swift; sourceTree = "<group>"; };
		C0B23DDB2703CB78003CE6DE /* VewControllerReceiver.swift */ = {isa = PBXFileReference; lastKnownFileType = sourcecode.swift; path = VewControllerReceiver.swift; sourceTree = "<group>"; };
		C0B23DE42703CC96003CE6DE /* ViewControllerBDA15.swift */ = {isa = PBXFileReference; lastKnownFileType = sourcecode.swift; path = ViewControllerBDA15.swift; sourceTree = "<group>"; };
		C0FB283D271919A3001E34E9 /* LinePV.swift */ = {isa = PBXFileReference; lastKnownFileType = sourcecode.swift; path = LinePV.swift; sourceTree = "<group>"; };
		C0FF88B626F80F2D006BA0F9 /* ViewControllerBDA14.swift */ = {isa = PBXFileReference; lastKnownFileType = sourcecode.swift; path = ViewControllerBDA14.swift; sourceTree = "<group>"; };
/* End PBXFileReference section */

/* Begin PBXFrameworksBuildPhase section */
		72997B2C26EADC6100099692 /* Frameworks */ = {
			isa = PBXFrameworksBuildPhase;
			buildActionMask = 2147483647;
			files = (
			);
			runOnlyForDeploymentPostprocessing = 0;
		};
		72997B4226EADC6200099692 /* Frameworks */ = {
			isa = PBXFrameworksBuildPhase;
			buildActionMask = 2147483647;
			files = (
			);
			runOnlyForDeploymentPostprocessing = 0;
		};
		72997B4D26EADC6200099692 /* Frameworks */ = {
			isa = PBXFrameworksBuildPhase;
			buildActionMask = 2147483647;
			files = (
			);
			runOnlyForDeploymentPostprocessing = 0;
		};
/* End PBXFrameworksBuildPhase section */

/* Begin PBXGroup section */
		72997B2626EADC6100099692 = {
			isa = PBXGroup;
			children = (
				72997B3126EADC6100099692 /* Caridapp */,
				72997B4826EADC6200099692 /* CaridappTests */,
				72997B5326EADC6200099692 /* CaridappUITests */,
				72997B3026EADC6100099692 /* Products */,
				C094D38F2717FAFE0003EF36 /* Recovered References */,
			);
			sourceTree = "<group>";
		};
		72997B3026EADC6100099692 /* Products */ = {
			isa = PBXGroup;
			children = (
				72997B2F26EADC6100099692 /* Caridapp.app */,
				72997B4526EADC6200099692 /* CaridappTests.xctest */,
				72997B5026EADC6200099692 /* CaridappUITests.xctest */,
			);
			name = Products;
			sourceTree = "<group>";
		};
		72997B3126EADC6100099692 /* Caridapp */ = {
			isa = PBXGroup;
			children = (
				8AE61FB527239BAB0067BEE6 /* Driver View Controllers */,
				72BC2EAC271F973D00855236 /* BDA-2 */,
				8AFA66A927129B5500905EE9 /* View */,
				8A9C956A27051A30004DE62A /* Model */,
				72997B3226EADC6100099692 /* AppDelegate.swift */,
				72997B3426EADC6100099692 /* SceneDelegate.swift */,
				C0B23DE02703CC07003CE6DE /* ViewControllerBDA14-15 */,
				72997B3626EADC6100099692 /* ViewController.swift */,
				C031CF5B2719578F00A0BB5D /* SideMenu */,
				72997B3826EADC6100099692 /* Main.storyboard */,
				721AD2D2271657330010BE30 /* ViewControllerBDA-11.swift */,
				8AFD0BAB2718F39F0025B2CB /* CheckImportationViewController.swift */,
				72997B3B26EADC6200099692 /* Assets.xcassets */,
				C0851FBB271E94B000CFCADF /* SideMenuB.jpeg */,
				72997B3D26EADC6200099692 /* LaunchScreen.storyboard */,
				72997B4026EADC6200099692 /* Info.plist */,
				8AE13BD32714CA0F003805DB /* SelectProductViewController.swift */,
				8A4A3F59271813BF00744FE2 /* RegisterLineViewController.swift */,
				C056517427238FC800B5FD8A /* MenuImportationViewController.swift */,
			);
			path = Caridapp;
			sourceTree = "<group>";
		};
		72997B4826EADC6200099692 /* CaridappTests */ = {
			isa = PBXGroup;
			children = (
				72997B4926EADC6200099692 /* CaridappTests.swift */,
				8A18D29B27122D8400D5720E /* CaridappServiceTestCase.swift */,
				72D386EA272214DC00C56EAE /* BDA-11_Tests.swift */,
				72D386EF272254E900C56EAE /* BDA-11_Test.swift */,
				72997B4B26EADC6200099692 /* Info.plist */,
				8ABD6E542723817000F1A565 /* DriverServiceTestCase.swift */,
			);
			path = CaridappTests;
			sourceTree = "<group>";
		};
		72997B5326EADC6200099692 /* CaridappUITests */ = {
			isa = PBXGroup;
			children = (
				72997B5426EADC6200099692 /* CaridappUITests.swift */,
				72997B5626EADC6200099692 /* Info.plist */,
			);
			path = CaridappUITests;
			sourceTree = "<group>";
		};
		72BC2EAC271F973D00855236 /* BDA-2 */ = {
			isa = PBXGroup;
			children = (
				72BC2EAD271F976700855236 /* LineP.swift */,
				72BC2EB2271F979A00855236 /* LineTableViewController.swift */,
				72BC2EB7271F97E000855236 /* LineUpdate.swift */,
				72BC2EBC271F981C00855236 /* LineViewController.swift */,
				72BC2EC1271F988A00855236 /* UpdateProductService.swift */,
			);
			path = "BDA-2";
			sourceTree = "<group>";
		};
		8A18D29527121A5B00D5720E /* Services */ = {
			isa = PBXGroup;
			children = (
				8ABD6E4F27237B4D00F1A565 /* DriverService.swift */,
				8A18D29627121ADD00D5720E /* DonationService.swift */,
				721AD2CD271653D50010BE30 /* NewProductService.swift */,
			);
			path = Services;
			sourceTree = "<group>";
		};
		8A9C956A27051A30004DE62A /* Model */ = {
			isa = PBXGroup;
			children = (
				8A18D29527121A5B00D5720E /* Services */,
				8A9C956B27051A30004DE62A /* ValueObject */,
			);
			path = Model;
			sourceTree = "<group>";
		};
		8A9C956B27051A30004DE62A /* ValueObject */ = {
			isa = PBXGroup;
			children = (
				8A9C956C27051A30004DE62A /* Donation.swift */,
				8A9C956D27051A30004DE62A /* Line.swift */,
				8A22992C27127266001CE110 /* Product.swift */,
				8A7364B1272383BA004D78DD /* DonationDriver.swift */,
			);
			path = ValueObject;
			sourceTree = "<group>";
		};
		8AE61FB527239BAB0067BEE6 /* Driver View Controllers */ = {
			isa = PBXGroup;
			children = (
				8AE61FB627239BDD0067BEE6 /* DriverImportationsViewController.swift */,
			);
			path = "Driver View Controllers";
			sourceTree = "<group>";
		};
		8AFA66A927129B5500905EE9 /* View */ = {
			isa = PBXGroup;
			children = (
				8AFA66AA27129B9300905EE9 /* ProductTableViewCell.swift */,
				8AFD0BA62718EF860025B2CB /* LineTableViewCell.swift */,
				8A4C0B9D2723A579009CC3D6 /* DriverTableViewCell.swift */,
			);
			path = View;
			sourceTree = "<group>";
		};
		C031CF5B2719578F00A0BB5D /* SideMenu */ = {
			isa = PBXGroup;
			children = (
				C031CF3E271946EE00A0BB5D /* SideMenuViewController.swift */,
				C031CF56271950B200A0BB5D /* MainViewController.swift */,
				C031CF4C27194B2A00A0BB5D /* SideMenuModel.swift */,
				C0009EB0271A1402000BD5A8 /* SideMenuCell.swift */,
				C0009EB1271A1402000BD5A8 /* SideMenuCell.xib */,
			);
			path = SideMenu;
			sourceTree = "<group>";
		};
		C094D38F2717FAFE0003EF36 /* Recovered References */ = {
			isa = PBXGroup;
			children = (
			);
			name = "Recovered References";
			sourceTree = "<group>";
		};
		C0B23DE02703CC07003CE6DE /* ViewControllerBDA14-15 */ = {
			isa = PBXGroup;
			children = (
				C033B266271FD9F300510D36 /* DonationPV.swift */,
				C0147766272274DE0091C58B /* DonationVerification.swift */,
				C0B23DDB2703CB78003CE6DE /* VewControllerReceiver.swift */,
				C033B261271FD86C00510D36 /* LineVerification.swift */,
				C0FB283D271919A3001E34E9 /* LinePV.swift */,
				C04BAD3E27209BBE00E1914A /* VerifyProductService.swift */,
				C01477712722936B0091C58B /* VerifyDonationService.swift */,
				C0FF88B626F80F2D006BA0F9 /* ViewControllerBDA14.swift */,
				C0B23DD62703CA34003CE6DE /* VewControllerBDA14_2.swift */,
				C0B23DE42703CC96003CE6DE /* ViewControllerBDA15.swift */,
			);
			path = "ViewControllerBDA14-15";
			sourceTree = "<group>";
		};
/* End PBXGroup section */

/* Begin PBXNativeTarget section */
		72997B2E26EADC6100099692 /* Caridapp */ = {
			isa = PBXNativeTarget;
			buildConfigurationList = 72997B5926EADC6200099692 /* Build configuration list for PBXNativeTarget "Caridapp" */;
			buildPhases = (
				72997B2B26EADC6100099692 /* Sources */,
				72997B2C26EADC6100099692 /* Frameworks */,
				72997B2D26EADC6100099692 /* Resources */,
			);
			buildRules = (
			);
			dependencies = (
			);
			name = Caridapp;
			productName = Caridapp;
			productReference = 72997B2F26EADC6100099692 /* Caridapp.app */;
			productType = "com.apple.product-type.application";
		};
		72997B4426EADC6200099692 /* CaridappTests */ = {
			isa = PBXNativeTarget;
			buildConfigurationList = 72997B5C26EADC6200099692 /* Build configuration list for PBXNativeTarget "CaridappTests" */;
			buildPhases = (
				72997B4126EADC6200099692 /* Sources */,
				72997B4226EADC6200099692 /* Frameworks */,
				72997B4326EADC6200099692 /* Resources */,
			);
			buildRules = (
			);
			dependencies = (
				72997B4726EADC6200099692 /* PBXTargetDependency */,
			);
			name = CaridappTests;
			productName = CaridappTests;
			productReference = 72997B4526EADC6200099692 /* CaridappTests.xctest */;
			productType = "com.apple.product-type.bundle.unit-test";
		};
		72997B4F26EADC6200099692 /* CaridappUITests */ = {
			isa = PBXNativeTarget;
			buildConfigurationList = 72997B5F26EADC6200099692 /* Build configuration list for PBXNativeTarget "CaridappUITests" */;
			buildPhases = (
				72997B4C26EADC6200099692 /* Sources */,
				72997B4D26EADC6200099692 /* Frameworks */,
				72997B4E26EADC6200099692 /* Resources */,
			);
			buildRules = (
			);
			dependencies = (
				72997B5226EADC6200099692 /* PBXTargetDependency */,
			);
			name = CaridappUITests;
			productName = CaridappUITests;
			productReference = 72997B5026EADC6200099692 /* CaridappUITests.xctest */;
			productType = "com.apple.product-type.bundle.ui-testing";
		};
/* End PBXNativeTarget section */

/* Begin PBXProject section */
		72997B2726EADC6100099692 /* Project object */ = {
			isa = PBXProject;
			attributes = {
				LastSwiftUpdateCheck = 1240;
				LastUpgradeCheck = 1240;
				TargetAttributes = {
					72997B2E26EADC6100099692 = {
						CreatedOnToolsVersion = 12.4;
					};
					72997B4426EADC6200099692 = {
						CreatedOnToolsVersion = 12.4;
						TestTargetID = 72997B2E26EADC6100099692;
					};
					72997B4F26EADC6200099692 = {
						CreatedOnToolsVersion = 12.4;
						TestTargetID = 72997B2E26EADC6100099692;
					};
				};
			};
			buildConfigurationList = 72997B2A26EADC6100099692 /* Build configuration list for PBXProject "Caridapp" */;
			compatibilityVersion = "Xcode 9.3";
			developmentRegion = en;
			hasScannedForEncodings = 0;
			knownRegions = (
				en,
				Base,
			);
			mainGroup = 72997B2626EADC6100099692;
			productRefGroup = 72997B3026EADC6100099692 /* Products */;
			projectDirPath = "";
			projectRoot = "";
			targets = (
				72997B2E26EADC6100099692 /* Caridapp */,
				72997B4426EADC6200099692 /* CaridappTests */,
				72997B4F26EADC6200099692 /* CaridappUITests */,
			);
		};
/* End PBXProject section */

/* Begin PBXResourcesBuildPhase section */
		72997B2D26EADC6100099692 /* Resources */ = {
			isa = PBXResourcesBuildPhase;
			buildActionMask = 2147483647;
			files = (
				72997B3F26EADC6200099692 /* LaunchScreen.storyboard in Resources */,
				72997B3C26EADC6200099692 /* Assets.xcassets in Resources */,
				72997B3A26EADC6100099692 /* Main.storyboard in Resources */,
				C0009EB3271A1402000BD5A8 /* SideMenuCell.xib in Resources */,
				C0851FBC271E94B000CFCADF /* SideMenuB.jpeg in Resources */,
			);
			runOnlyForDeploymentPostprocessing = 0;
		};
		72997B4326EADC6200099692 /* Resources */ = {
			isa = PBXResourcesBuildPhase;
			buildActionMask = 2147483647;
			files = (
			);
			runOnlyForDeploymentPostprocessing = 0;
		};
		72997B4E26EADC6200099692 /* Resources */ = {
			isa = PBXResourcesBuildPhase;
			buildActionMask = 2147483647;
			files = (
			);
			runOnlyForDeploymentPostprocessing = 0;
		};
/* End PBXResourcesBuildPhase section */

/* Begin PBXSourcesBuildPhase section */
		72997B2B26EADC6100099692 /* Sources */ = {
			isa = PBXSourcesBuildPhase;
			buildActionMask = 2147483647;
			files = (
				C0B23DE52703CC96003CE6DE /* ViewControllerBDA15.swift in Sources */,
				8ABD6E5027237B4D00F1A565 /* DriverService.swift in Sources */,
				72997B3726EADC6100099692 /* ViewController.swift in Sources */,
				C0B23DDC2703CB78003CE6DE /* VewControllerReceiver.swift in Sources */,
				72997B3326EADC6100099692 /* AppDelegate.swift in Sources */,
				C0B23DD72703CA34003CE6DE /* VewControllerBDA14_2.swift in Sources */,
				72997B3526EADC6100099692 /* SceneDelegate.swift in Sources */,
				8A4C0B9E2723A579009CC3D6 /* DriverTableViewCell.swift in Sources */,
				C031CF3F271946EE00A0BB5D /* SideMenuViewController.swift in Sources */,
				C0147767272274DE0091C58B /* DonationVerification.swift in Sources */,
				C0FF88B726F80F2D006BA0F9 /* ViewControllerBDA14.swift in Sources */,
				C033B267271FD9F300510D36 /* DonationPV.swift in Sources */,
				72BC2EC2271F988A00855236 /* UpdateProductService.swift in Sources */,
				C0FB283E271919A4001E34E9 /* LinePV.swift in Sources */,
				72BC2EB3271F979A00855236 /* LineTableViewController.swift in Sources */,
				72997B3726EADC6100099692 /* ViewController.swift in Sources */,
				8AFD0BAC2718F39F0025B2CB /* CheckImportationViewController.swift in Sources */,
				8AE61FB727239BDD0067BEE6 /* DriverImportationsViewController.swift in Sources */,
				C056517527238FC800B5FD8A /* MenuImportationViewController.swift in Sources */,
				721AD2D3271657330010BE30 /* ViewControllerBDA-11.swift in Sources */,
				C01477722722936B0091C58B /* VerifyDonationService.swift in Sources */,
				72997B3326EADC6100099692 /* AppDelegate.swift in Sources */,
				72BC2EBD271F981C00855236 /* LineViewController.swift in Sources */,
				C0009EB2271A1402000BD5A8 /* SideMenuCell.swift in Sources */,
				C031CF4D27194B2A00A0BB5D /* SideMenuModel.swift in Sources */,
				8A22992D27127266001CE110 /* Product.swift in Sources */,
				8A7364B2272383BA004D78DD /* DonationDriver.swift in Sources */,
				8AE13BD42714CA0F003805DB /* SelectProductViewController.swift in Sources */,
				72BC2EAE271F976700855236 /* LineP.swift in Sources */,
				72BC2EB8271F97E000855236 /* LineUpdate.swift in Sources */,
				72997B3526EADC6100099692 /* SceneDelegate.swift in Sources */,
				8AFD0BA72718EF860025B2CB /* LineTableViewCell.swift in Sources */,
				8A9C956E27051A30004DE62A /* Donation.swift in Sources */,
				8A4A3F5A271813BF00744FE2 /* RegisterLineViewController.swift in Sources */,
				C04BAD3F27209BBE00E1914A /* VerifyProductService.swift in Sources */,
				C0FF88B726F80F2D006BA0F9 /* ViewControllerBDA14.swift in Sources */,
				C033B262271FD86C00510D36 /* LineVerification.swift in Sources */,
				8A18D29727121ADD00D5720E /* DonationService.swift in Sources */,
				8AFA66AB27129B9300905EE9 /* ProductTableViewCell.swift in Sources */,
				C031CF57271950B200A0BB5D /* MainViewController.swift in Sources */,
				8A9C957027051A30004DE62A /* Line.swift in Sources */,
				721AD2CE271653D50010BE30 /* NewProductService.swift in Sources */,
			);
			runOnlyForDeploymentPostprocessing = 0;
		};
		72997B4126EADC6200099692 /* Sources */ = {
			isa = PBXSourcesBuildPhase;
			buildActionMask = 2147483647;
			files = (
				72997B4A26EADC6200099692 /* CaridappTests.swift in Sources */,
				72D386F0272254E900C56EAE /* BDA-11_Test.swift in Sources */,
				8A18D29C27122D8400D5720E /* CaridappServiceTestCase.swift in Sources */,
				8ABD6E552723817000F1A565 /* DriverServiceTestCase.swift in Sources */,
				8AE13BDF2714D8F7003805DB /* Product.swift in Sources */,
				72D386EB272214DC00C56EAE /* BDA-11_Tests.swift in Sources */,
				8AE13BE32714D8FE003805DB /* DonationService.swift in Sources */,
				8A9C956F27051A30004DE62A /* Donation.swift in Sources */,
				8A9C957127051A30004DE62A /* Line.swift in Sources */,
			);
			runOnlyForDeploymentPostprocessing = 0;
		};
		72997B4C26EADC6200099692 /* Sources */ = {
			isa = PBXSourcesBuildPhase;
			buildActionMask = 2147483647;
			files = (
				72997B5526EADC6200099692 /* CaridappUITests.swift in Sources */,
			);
			runOnlyForDeploymentPostprocessing = 0;
		};
/* End PBXSourcesBuildPhase section */

/* Begin PBXTargetDependency section */
		72997B4726EADC6200099692 /* PBXTargetDependency */ = {
			isa = PBXTargetDependency;
			target = 72997B2E26EADC6100099692 /* Caridapp */;
			targetProxy = 72997B4626EADC6200099692 /* PBXContainerItemProxy */;
		};
		72997B5226EADC6200099692 /* PBXTargetDependency */ = {
			isa = PBXTargetDependency;
			target = 72997B2E26EADC6100099692 /* Caridapp */;
			targetProxy = 72997B5126EADC6200099692 /* PBXContainerItemProxy */;
		};
/* End PBXTargetDependency section */

/* Begin PBXVariantGroup section */
		72997B3826EADC6100099692 /* Main.storyboard */ = {
			isa = PBXVariantGroup;
			children = (
				72997B3926EADC6100099692 /* Base */,
			);
			name = Main.storyboard;
			sourceTree = "<group>";
		};
		72997B3D26EADC6200099692 /* LaunchScreen.storyboard */ = {
			isa = PBXVariantGroup;
			children = (
				72997B3E26EADC6200099692 /* Base */,
			);
			name = LaunchScreen.storyboard;
			sourceTree = "<group>";
		};
/* End PBXVariantGroup section */

/* Begin XCBuildConfiguration section */
		72997B5726EADC6200099692 /* Debug */ = {
			isa = XCBuildConfiguration;
			buildSettings = {
				ALWAYS_SEARCH_USER_PATHS = NO;
				CLANG_ANALYZER_NONNULL = YES;
				CLANG_ANALYZER_NUMBER_OBJECT_CONVERSION = YES_AGGRESSIVE;
				CLANG_CXX_LANGUAGE_STANDARD = "gnu++14";
				CLANG_CXX_LIBRARY = "libc++";
				CLANG_ENABLE_MODULES = YES;
				CLANG_ENABLE_OBJC_ARC = YES;
				CLANG_ENABLE_OBJC_WEAK = YES;
				CLANG_WARN_BLOCK_CAPTURE_AUTORELEASING = YES;
				CLANG_WARN_BOOL_CONVERSION = YES;
				CLANG_WARN_COMMA = YES;
				CLANG_WARN_CONSTANT_CONVERSION = YES;
				CLANG_WARN_DEPRECATED_OBJC_IMPLEMENTATIONS = YES;
				CLANG_WARN_DIRECT_OBJC_ISA_USAGE = YES_ERROR;
				CLANG_WARN_DOCUMENTATION_COMMENTS = YES;
				CLANG_WARN_EMPTY_BODY = YES;
				CLANG_WARN_ENUM_CONVERSION = YES;
				CLANG_WARN_INFINITE_RECURSION = YES;
				CLANG_WARN_INT_CONVERSION = YES;
				CLANG_WARN_NON_LITERAL_NULL_CONVERSION = YES;
				CLANG_WARN_OBJC_IMPLICIT_RETAIN_SELF = YES;
				CLANG_WARN_OBJC_LITERAL_CONVERSION = YES;
				CLANG_WARN_OBJC_ROOT_CLASS = YES_ERROR;
				CLANG_WARN_QUOTED_INCLUDE_IN_FRAMEWORK_HEADER = YES;
				CLANG_WARN_RANGE_LOOP_ANALYSIS = YES;
				CLANG_WARN_STRICT_PROTOTYPES = YES;
				CLANG_WARN_SUSPICIOUS_MOVE = YES;
				CLANG_WARN_UNGUARDED_AVAILABILITY = YES_AGGRESSIVE;
				CLANG_WARN_UNREACHABLE_CODE = YES;
				CLANG_WARN__DUPLICATE_METHOD_MATCH = YES;
				COPY_PHASE_STRIP = NO;
				DEBUG_INFORMATION_FORMAT = dwarf;
				ENABLE_STRICT_OBJC_MSGSEND = YES;
				ENABLE_TESTABILITY = YES;
				GCC_C_LANGUAGE_STANDARD = gnu11;
				GCC_DYNAMIC_NO_PIC = NO;
				GCC_NO_COMMON_BLOCKS = YES;
				GCC_OPTIMIZATION_LEVEL = 0;
				GCC_PREPROCESSOR_DEFINITIONS = (
					"DEBUG=1",
					"$(inherited)",
				);
				GCC_WARN_64_TO_32_BIT_CONVERSION = YES;
				GCC_WARN_ABOUT_RETURN_TYPE = YES_ERROR;
				GCC_WARN_UNDECLARED_SELECTOR = YES;
				GCC_WARN_UNINITIALIZED_AUTOS = YES_AGGRESSIVE;
				GCC_WARN_UNUSED_FUNCTION = YES;
				GCC_WARN_UNUSED_VARIABLE = YES;
				IPHONEOS_DEPLOYMENT_TARGET = 14.4;
				MTL_ENABLE_DEBUG_INFO = INCLUDE_SOURCE;
				MTL_FAST_MATH = YES;
				ONLY_ACTIVE_ARCH = YES;
				SDKROOT = iphoneos;
				SWIFT_ACTIVE_COMPILATION_CONDITIONS = DEBUG;
				SWIFT_OPTIMIZATION_LEVEL = "-Onone";
			};
			name = Debug;
		};
		72997B5826EADC6200099692 /* Release */ = {
			isa = XCBuildConfiguration;
			buildSettings = {
				ALWAYS_SEARCH_USER_PATHS = NO;
				CLANG_ANALYZER_NONNULL = YES;
				CLANG_ANALYZER_NUMBER_OBJECT_CONVERSION = YES_AGGRESSIVE;
				CLANG_CXX_LANGUAGE_STANDARD = "gnu++14";
				CLANG_CXX_LIBRARY = "libc++";
				CLANG_ENABLE_MODULES = YES;
				CLANG_ENABLE_OBJC_ARC = YES;
				CLANG_ENABLE_OBJC_WEAK = YES;
				CLANG_WARN_BLOCK_CAPTURE_AUTORELEASING = YES;
				CLANG_WARN_BOOL_CONVERSION = YES;
				CLANG_WARN_COMMA = YES;
				CLANG_WARN_CONSTANT_CONVERSION = YES;
				CLANG_WARN_DEPRECATED_OBJC_IMPLEMENTATIONS = YES;
				CLANG_WARN_DIRECT_OBJC_ISA_USAGE = YES_ERROR;
				CLANG_WARN_DOCUMENTATION_COMMENTS = YES;
				CLANG_WARN_EMPTY_BODY = YES;
				CLANG_WARN_ENUM_CONVERSION = YES;
				CLANG_WARN_INFINITE_RECURSION = YES;
				CLANG_WARN_INT_CONVERSION = YES;
				CLANG_WARN_NON_LITERAL_NULL_CONVERSION = YES;
				CLANG_WARN_OBJC_IMPLICIT_RETAIN_SELF = YES;
				CLANG_WARN_OBJC_LITERAL_CONVERSION = YES;
				CLANG_WARN_OBJC_ROOT_CLASS = YES_ERROR;
				CLANG_WARN_QUOTED_INCLUDE_IN_FRAMEWORK_HEADER = YES;
				CLANG_WARN_RANGE_LOOP_ANALYSIS = YES;
				CLANG_WARN_STRICT_PROTOTYPES = YES;
				CLANG_WARN_SUSPICIOUS_MOVE = YES;
				CLANG_WARN_UNGUARDED_AVAILABILITY = YES_AGGRESSIVE;
				CLANG_WARN_UNREACHABLE_CODE = YES;
				CLANG_WARN__DUPLICATE_METHOD_MATCH = YES;
				COPY_PHASE_STRIP = NO;
				DEBUG_INFORMATION_FORMAT = "dwarf-with-dsym";
				ENABLE_NS_ASSERTIONS = NO;
				ENABLE_STRICT_OBJC_MSGSEND = YES;
				GCC_C_LANGUAGE_STANDARD = gnu11;
				GCC_NO_COMMON_BLOCKS = YES;
				GCC_WARN_64_TO_32_BIT_CONVERSION = YES;
				GCC_WARN_ABOUT_RETURN_TYPE = YES_ERROR;
				GCC_WARN_UNDECLARED_SELECTOR = YES;
				GCC_WARN_UNINITIALIZED_AUTOS = YES_AGGRESSIVE;
				GCC_WARN_UNUSED_FUNCTION = YES;
				GCC_WARN_UNUSED_VARIABLE = YES;
				IPHONEOS_DEPLOYMENT_TARGET = 14.4;
				MTL_ENABLE_DEBUG_INFO = NO;
				MTL_FAST_MATH = YES;
				SDKROOT = iphoneos;
				SWIFT_COMPILATION_MODE = wholemodule;
				SWIFT_OPTIMIZATION_LEVEL = "-O";
				VALIDATE_PRODUCT = YES;
			};
			name = Release;
		};
		72997B5A26EADC6200099692 /* Debug */ = {
			isa = XCBuildConfiguration;
			buildSettings = {
				ASSETCATALOG_COMPILER_APPICON_NAME = AppIcon;
				ASSETCATALOG_COMPILER_GLOBAL_ACCENT_COLOR_NAME = AccentColor;
				CODE_SIGN_STYLE = Automatic;
				INFOPLIST_FILE = Caridapp/Info.plist;
				LD_RUNPATH_SEARCH_PATHS = (
					"$(inherited)",
					"@executable_path/Frameworks",
				);
				PRODUCT_BUNDLE_IDENTIFIER = com.caritas.app.Caridapp;
				PRODUCT_NAME = "$(TARGET_NAME)";
				SWIFT_VERSION = 5.0;
				TARGETED_DEVICE_FAMILY = "1,2";
			};
			name = Debug;
		};
		72997B5B26EADC6200099692 /* Release */ = {
			isa = XCBuildConfiguration;
			buildSettings = {
				ASSETCATALOG_COMPILER_APPICON_NAME = AppIcon;
				ASSETCATALOG_COMPILER_GLOBAL_ACCENT_COLOR_NAME = AccentColor;
				CODE_SIGN_STYLE = Automatic;
				INFOPLIST_FILE = Caridapp/Info.plist;
				LD_RUNPATH_SEARCH_PATHS = (
					"$(inherited)",
					"@executable_path/Frameworks",
				);
				PRODUCT_BUNDLE_IDENTIFIER = com.caritas.app.Caridapp;
				PRODUCT_NAME = "$(TARGET_NAME)";
				SWIFT_VERSION = 5.0;
				TARGETED_DEVICE_FAMILY = "1,2";
			};
			name = Release;
		};
		72997B5D26EADC6200099692 /* Debug */ = {
			isa = XCBuildConfiguration;
			buildSettings = {
				ALWAYS_EMBED_SWIFT_STANDARD_LIBRARIES = YES;
				BUNDLE_LOADER = "$(TEST_HOST)";
				CODE_SIGN_STYLE = Automatic;
				INFOPLIST_FILE = CaridappTests/Info.plist;
				IPHONEOS_DEPLOYMENT_TARGET = 14.4;
				LD_RUNPATH_SEARCH_PATHS = (
					"$(inherited)",
					"@executable_path/Frameworks",
					"@loader_path/Frameworks",
				);
				PRODUCT_BUNDLE_IDENTIFIER = com.caritas.app.CaridappTests;
				PRODUCT_NAME = "$(TARGET_NAME)";
				SWIFT_VERSION = 5.0;
				TARGETED_DEVICE_FAMILY = "1,2";
				TEST_HOST = "$(BUILT_PRODUCTS_DIR)/Caridapp.app/Caridapp";
			};
			name = Debug;
		};
		72997B5E26EADC6200099692 /* Release */ = {
			isa = XCBuildConfiguration;
			buildSettings = {
				ALWAYS_EMBED_SWIFT_STANDARD_LIBRARIES = YES;
				BUNDLE_LOADER = "$(TEST_HOST)";
				CODE_SIGN_STYLE = Automatic;
				INFOPLIST_FILE = CaridappTests/Info.plist;
				IPHONEOS_DEPLOYMENT_TARGET = 14.4;
				LD_RUNPATH_SEARCH_PATHS = (
					"$(inherited)",
					"@executable_path/Frameworks",
					"@loader_path/Frameworks",
				);
				PRODUCT_BUNDLE_IDENTIFIER = com.caritas.app.CaridappTests;
				PRODUCT_NAME = "$(TARGET_NAME)";
				SWIFT_VERSION = 5.0;
				TARGETED_DEVICE_FAMILY = "1,2";
				TEST_HOST = "$(BUILT_PRODUCTS_DIR)/Caridapp.app/Caridapp";
			};
			name = Release;
		};
		72997B6026EADC6200099692 /* Debug */ = {
			isa = XCBuildConfiguration;
			buildSettings = {
				ALWAYS_EMBED_SWIFT_STANDARD_LIBRARIES = YES;
				CODE_SIGN_STYLE = Automatic;
				INFOPLIST_FILE = CaridappUITests/Info.plist;
				LD_RUNPATH_SEARCH_PATHS = (
					"$(inherited)",
					"@executable_path/Frameworks",
					"@loader_path/Frameworks",
				);
				PRODUCT_BUNDLE_IDENTIFIER = com.caritas.app.CaridappUITests;
				PRODUCT_NAME = "$(TARGET_NAME)";
				SWIFT_VERSION = 5.0;
				TARGETED_DEVICE_FAMILY = "1,2";
				TEST_TARGET_NAME = Caridapp;
			};
			name = Debug;
		};
		72997B6126EADC6200099692 /* Release */ = {
			isa = XCBuildConfiguration;
			buildSettings = {
				ALWAYS_EMBED_SWIFT_STANDARD_LIBRARIES = YES;
				CODE_SIGN_STYLE = Automatic;
				INFOPLIST_FILE = CaridappUITests/Info.plist;
				LD_RUNPATH_SEARCH_PATHS = (
					"$(inherited)",
					"@executable_path/Frameworks",
					"@loader_path/Frameworks",
				);
				PRODUCT_BUNDLE_IDENTIFIER = com.caritas.app.CaridappUITests;
				PRODUCT_NAME = "$(TARGET_NAME)";
				SWIFT_VERSION = 5.0;
				TARGETED_DEVICE_FAMILY = "1,2";
				TEST_TARGET_NAME = Caridapp;
			};
			name = Release;
		};
/* End XCBuildConfiguration section */

/* Begin XCConfigurationList section */
		72997B2A26EADC6100099692 /* Build configuration list for PBXProject "Caridapp" */ = {
			isa = XCConfigurationList;
			buildConfigurations = (
				72997B5726EADC6200099692 /* Debug */,
				72997B5826EADC6200099692 /* Release */,
			);
			defaultConfigurationIsVisible = 0;
			defaultConfigurationName = Release;
		};
		72997B5926EADC6200099692 /* Build configuration list for PBXNativeTarget "Caridapp" */ = {
			isa = XCConfigurationList;
			buildConfigurations = (
				72997B5A26EADC6200099692 /* Debug */,
				72997B5B26EADC6200099692 /* Release */,
			);
			defaultConfigurationIsVisible = 0;
			defaultConfigurationName = Release;
		};
		72997B5C26EADC6200099692 /* Build configuration list for PBXNativeTarget "CaridappTests" */ = {
			isa = XCConfigurationList;
			buildConfigurations = (
				72997B5D26EADC6200099692 /* Debug */,
				72997B5E26EADC6200099692 /* Release */,
			);
			defaultConfigurationIsVisible = 0;
			defaultConfigurationName = Release;
		};
		72997B5F26EADC6200099692 /* Build configuration list for PBXNativeTarget "CaridappUITests" */ = {
			isa = XCConfigurationList;
			buildConfigurations = (
				72997B6026EADC6200099692 /* Debug */,
				72997B6126EADC6200099692 /* Release */,
			);
			defaultConfigurationIsVisible = 0;
			defaultConfigurationName = Release;
		};
/* End XCConfigurationList section */
	};
	rootObject = 72997B2726EADC6100099692 /* Project object */;
}
